// !$*UTF8*$!
{
	archiveVersion = 1;
	classes = {
	};
	objectVersion = 56;
	objects = {

/* Begin PBXBuildFile section */
		EC555D512B824A21004AC179 /* RMCharacterPhotoCollectionViewCell.swift in Sources */ = {isa = PBXBuildFile; fileRef = EC555D502B824A21004AC179 /* RMCharacterPhotoCollectionViewCell.swift */; };
		EC555D532B824A30004AC179 /* RMCharacterEpisodeCollectionViewCell.swift in Sources */ = {isa = PBXBuildFile; fileRef = EC555D522B824A30004AC179 /* RMCharacterEpisodeCollectionViewCell.swift */; };
		EC555D552B824A3F004AC179 /* RMCharacterInfoCollectionViewCell.swift in Sources */ = {isa = PBXBuildFile; fileRef = EC555D542B824A3F004AC179 /* RMCharacterInfoCollectionViewCell.swift */; };
		EC555D582B824DBD004AC179 /* RMCharacterInfoCollectionViewCellViewModel.swift in Sources */ = {isa = PBXBuildFile; fileRef = EC555D572B824DBD004AC179 /* RMCharacterInfoCollectionViewCellViewModel.swift */; };
		EC555D5A2B824DD8004AC179 /* RMCharacterEpisodeCollectionViewCellViewModel.swift in Sources */ = {isa = PBXBuildFile; fileRef = EC555D592B824DD8004AC179 /* RMCharacterEpisodeCollectionViewCellViewModel.swift */; };
		EC555D5C2B824DE7004AC179 /* RMCharacterPhotoCollectionViewCellViewModel.swift in Sources */ = {isa = PBXBuildFile; fileRef = EC555D5B2B824DE7004AC179 /* RMCharacterPhotoCollectionViewCellViewModel.swift */; };
		EC5604162B6C073F0041D9AA /* AppDelegate.swift in Sources */ = {isa = PBXBuildFile; fileRef = EC5604152B6C073F0041D9AA /* AppDelegate.swift */; };
		EC5604182B6C073F0041D9AA /* SceneDelegate.swift in Sources */ = {isa = PBXBuildFile; fileRef = EC5604172B6C073F0041D9AA /* SceneDelegate.swift */; };
		EC56041A2B6C073F0041D9AA /* RMTabViewController.swift in Sources */ = {isa = PBXBuildFile; fileRef = EC5604192B6C073F0041D9AA /* RMTabViewController.swift */; };
		EC56041F2B6C07400041D9AA /* Assets.xcassets in Resources */ = {isa = PBXBuildFile; fileRef = EC56041E2B6C07400041D9AA /* Assets.xcassets */; };
		EC5604222B6C07400041D9AA /* LaunchScreen.storyboard in Resources */ = {isa = PBXBuildFile; fileRef = EC5604202B6C07400041D9AA /* LaunchScreen.storyboard */; };
		EC6930A12B73B0F800F731A5 /* RMCharacterListViewViewModel.swift in Sources */ = {isa = PBXBuildFile; fileRef = EC6930A02B73B0F800F731A5 /* RMCharacterListViewViewModel.swift */; };
		EC6930A32B73B19900F731A5 /* RMCharacterListView.swift in Sources */ = {isa = PBXBuildFile; fileRef = EC6930A22B73B19900F731A5 /* RMCharacterListView.swift */; };
		EC6C9FE22B86B3EA00C0CCC2 /* RMEpisodeDetailViewController.swift in Sources */ = {isa = PBXBuildFile; fileRef = EC6C9FE12B86B3EA00C0CCC2 /* RMEpisodeDetailViewController.swift */; };
		EC75F5652B6F6C90001D1ECC /* RMService.swift in Sources */ = {isa = PBXBuildFile; fileRef = EC75F5642B6F6C90001D1ECC /* RMService.swift */; };
		EC75F5672B6F6C9C001D1ECC /* RMRequest .swift in Sources */ = {isa = PBXBuildFile; fileRef = EC75F5662B6F6C9C001D1ECC /* RMRequest .swift */; };
		EC75F5692B6F6D5D001D1ECC /* RMEndPoint.swift in Sources */ = {isa = PBXBuildFile; fileRef = EC75F5682B6F6D5C001D1ECC /* RMEndPoint.swift */; };
		EC7F46AB2B7FE175002BFA60 /* RMImageLoader .swift in Sources */ = {isa = PBXBuildFile; fileRef = EC7F46AA2B7FE175002BFA60 /* RMImageLoader .swift */; };
		EC8554F52B74E193006E22B1 /* Extensions.swift in Sources */ = {isa = PBXBuildFile; fileRef = EC8554F42B74E193006E22B1 /* Extensions.swift */; };
		EC8554F72B7560CB006E22B1 /* RMCharacterCollectionViewCell.swift in Sources */ = {isa = PBXBuildFile; fileRef = EC8554F62B7560CB006E22B1 /* RMCharacterCollectionViewCell.swift */; };
		EC8554F92B7562E7006E22B1 /* RMCharacterCollectionViewCellViewModel.swift in Sources */ = {isa = PBXBuildFile; fileRef = EC8554F82B7562E7006E22B1 /* RMCharacterCollectionViewCellViewModel.swift */; };
		EC85E3932B78FCE8008C888A /* RMFooterLoadingCollectionReusableView.swift in Sources */ = {isa = PBXBuildFile; fileRef = EC85E3922B78FCE8008C888A /* RMFooterLoadingCollectionReusableView.swift */; };
		EC88B6492B72E9A500BF3E2C /* RMGetAllCharactersResponse.swift in Sources */ = {isa = PBXBuildFile; fileRef = EC88B6482B72E9A500BF3E2C /* RMGetAllCharactersResponse.swift */; };
		EC94028C2B6D99210090C1DC /* RMLocation.swift in Sources */ = {isa = PBXBuildFile; fileRef = EC94028B2B6D99210090C1DC /* RMLocation.swift */; };
		EC94028E2B6D99AB0090C1DC /* RMCharacter.swift in Sources */ = {isa = PBXBuildFile; fileRef = EC94028D2B6D99AB0090C1DC /* RMCharacter.swift */; };
		EC9402902B6D99C10090C1DC /* RMEpisode.swift in Sources */ = {isa = PBXBuildFile; fileRef = EC94028F2B6D99C10090C1DC /* RMEpisode.swift */; };
		EC9402932B6D9D610090C1DC /* RMCharacterViewController.swift in Sources */ = {isa = PBXBuildFile; fileRef = EC9402922B6D9D610090C1DC /* RMCharacterViewController.swift */; };
		EC9402952B6D9D800090C1DC /* RMLocationViewController.swift in Sources */ = {isa = PBXBuildFile; fileRef = EC9402942B6D9D800090C1DC /* RMLocationViewController.swift */; };
		EC9402972B6D9D980090C1DC /* RMEpisodeViewController.swift in Sources */ = {isa = PBXBuildFile; fileRef = EC9402962B6D9D980090C1DC /* RMEpisodeViewController.swift */; };
		EC9402992B6D9DAB0090C1DC /* RMSettingsViewController.swift in Sources */ = {isa = PBXBuildFile; fileRef = EC9402982B6D9DAB0090C1DC /* RMSettingsViewController.swift */; };
		ECBE8CCE2B6F7F4700F686ED /* RMOrigin.swift in Sources */ = {isa = PBXBuildFile; fileRef = ECBE8CCD2B6F7F4700F686ED /* RMOrigin.swift */; };
		ECBE8CD02B6F801A00F686ED /* RMSingleLocation.swift in Sources */ = {isa = PBXBuildFile; fileRef = ECBE8CCF2B6F801A00F686ED /* RMSingleLocation.swift */; };
		ECBE8CD22B6FBC7400F686ED /* RMCharacterStatus.swift in Sources */ = {isa = PBXBuildFile; fileRef = ECBE8CD12B6FBC7400F686ED /* RMCharacterStatus.swift */; };
		ECBE8CD42B6FBC9E00F686ED /* RMCharacterGender.swift in Sources */ = {isa = PBXBuildFile; fileRef = ECBE8CD32B6FBC9E00F686ED /* RMCharacterGender.swift */; };
		ECBEFA242B77F6CA00F9614B /* RMCharacterDetailViewController.swift in Sources */ = {isa = PBXBuildFile; fileRef = ECBEFA232B77F6CA00F9614B /* RMCharacterDetailViewController.swift */; };
		ECBEFA262B77F80D00F9614B /* RMCharacterDetailView.swift in Sources */ = {isa = PBXBuildFile; fileRef = ECBEFA252B77F80D00F9614B /* RMCharacterDetailView.swift */; };
		ECBEFA282B77F84700F9614B /* RMCharacterDetailViewViewModel.swift in Sources */ = {isa = PBXBuildFile; fileRef = ECBEFA272B77F84700F9614B /* RMCharacterDetailViewViewModel.swift */; };
/* End PBXBuildFile section */

/* Begin PBXFileReference section */
		EC555D502B824A21004AC179 /* RMCharacterPhotoCollectionViewCell.swift */ = {isa = PBXFileReference; lastKnownFileType = sourcecode.swift; path = RMCharacterPhotoCollectionViewCell.swift; sourceTree = "<group>"; };
		EC555D522B824A30004AC179 /* RMCharacterEpisodeCollectionViewCell.swift */ = {isa = PBXFileReference; lastKnownFileType = sourcecode.swift; path = RMCharacterEpisodeCollectionViewCell.swift; sourceTree = "<group>"; };
		EC555D542B824A3F004AC179 /* RMCharacterInfoCollectionViewCell.swift */ = {isa = PBXFileReference; lastKnownFileType = sourcecode.swift; path = RMCharacterInfoCollectionViewCell.swift; sourceTree = "<group>"; };
		EC555D572B824DBD004AC179 /* RMCharacterInfoCollectionViewCellViewModel.swift */ = {isa = PBXFileReference; lastKnownFileType = sourcecode.swift; path = RMCharacterInfoCollectionViewCellViewModel.swift; sourceTree = "<group>"; };
		EC555D592B824DD8004AC179 /* RMCharacterEpisodeCollectionViewCellViewModel.swift */ = {isa = PBXFileReference; lastKnownFileType = sourcecode.swift; path = RMCharacterEpisodeCollectionViewCellViewModel.swift; sourceTree = "<group>"; };
		EC555D5B2B824DE7004AC179 /* RMCharacterPhotoCollectionViewCellViewModel.swift */ = {isa = PBXFileReference; lastKnownFileType = sourcecode.swift; path = RMCharacterPhotoCollectionViewCellViewModel.swift; sourceTree = "<group>"; };
		EC5604122B6C073F0041D9AA /* RickyAndMorty.app */ = {isa = PBXFileReference; explicitFileType = wrapper.application; includeInIndex = 0; path = RickyAndMorty.app; sourceTree = BUILT_PRODUCTS_DIR; };
		EC5604152B6C073F0041D9AA /* AppDelegate.swift */ = {isa = PBXFileReference; lastKnownFileType = sourcecode.swift; path = AppDelegate.swift; sourceTree = "<group>"; };
		EC5604172B6C073F0041D9AA /* SceneDelegate.swift */ = {isa = PBXFileReference; lastKnownFileType = sourcecode.swift; path = SceneDelegate.swift; sourceTree = "<group>"; };
		EC5604192B6C073F0041D9AA /* RMTabViewController.swift */ = {isa = PBXFileReference; lastKnownFileType = sourcecode.swift; path = RMTabViewController.swift; sourceTree = "<group>"; };
		EC56041E2B6C07400041D9AA /* Assets.xcassets */ = {isa = PBXFileReference; lastKnownFileType = folder.assetcatalog; path = Assets.xcassets; sourceTree = "<group>"; };
		EC5604212B6C07400041D9AA /* Base */ = {isa = PBXFileReference; lastKnownFileType = file.storyboard; name = Base; path = Base.lproj/LaunchScreen.storyboard; sourceTree = "<group>"; };
		EC5604232B6C07400041D9AA /* Info.plist */ = {isa = PBXFileReference; lastKnownFileType = text.plist.xml; path = Info.plist; sourceTree = "<group>"; };
		EC6930A02B73B0F800F731A5 /* RMCharacterListViewViewModel.swift */ = {isa = PBXFileReference; lastKnownFileType = sourcecode.swift; path = RMCharacterListViewViewModel.swift; sourceTree = "<group>"; };
		EC6930A22B73B19900F731A5 /* RMCharacterListView.swift */ = {isa = PBXFileReference; lastKnownFileType = sourcecode.swift; path = RMCharacterListView.swift; sourceTree = "<group>"; };
		EC6C9FE12B86B3EA00C0CCC2 /* RMEpisodeDetailViewController.swift */ = {isa = PBXFileReference; lastKnownFileType = sourcecode.swift; path = RMEpisodeDetailViewController.swift; sourceTree = "<group>"; };
		EC75F5642B6F6C90001D1ECC /* RMService.swift */ = {isa = PBXFileReference; lastKnownFileType = sourcecode.swift; path = RMService.swift; sourceTree = "<group>"; };
		EC75F5662B6F6C9C001D1ECC /* RMRequest .swift */ = {isa = PBXFileReference; lastKnownFileType = sourcecode.swift; path = "RMRequest .swift"; sourceTree = "<group>"; };
		EC75F5682B6F6D5C001D1ECC /* RMEndPoint.swift */ = {isa = PBXFileReference; lastKnownFileType = sourcecode.swift; path = RMEndPoint.swift; sourceTree = "<group>"; };
		EC7F46AA2B7FE175002BFA60 /* RMImageLoader .swift */ = {isa = PBXFileReference; lastKnownFileType = sourcecode.swift; path = "RMImageLoader .swift"; sourceTree = "<group>"; };
		EC8554F42B74E193006E22B1 /* Extensions.swift */ = {isa = PBXFileReference; lastKnownFileType = sourcecode.swift; path = Extensions.swift; sourceTree = "<group>"; };
		EC8554F62B7560CB006E22B1 /* RMCharacterCollectionViewCell.swift */ = {isa = PBXFileReference; lastKnownFileType = sourcecode.swift; path = RMCharacterCollectionViewCell.swift; sourceTree = "<group>"; };
		EC8554F82B7562E7006E22B1 /* RMCharacterCollectionViewCellViewModel.swift */ = {isa = PBXFileReference; lastKnownFileType = sourcecode.swift; path = RMCharacterCollectionViewCellViewModel.swift; sourceTree = "<group>"; };
		EC85E3922B78FCE8008C888A /* RMFooterLoadingCollectionReusableView.swift */ = {isa = PBXFileReference; lastKnownFileType = sourcecode.swift; path = RMFooterLoadingCollectionReusableView.swift; sourceTree = "<group>"; };
		EC88B6482B72E9A500BF3E2C /* RMGetAllCharactersResponse.swift */ = {isa = PBXFileReference; lastKnownFileType = sourcecode.swift; path = RMGetAllCharactersResponse.swift; sourceTree = "<group>"; };
		EC94028B2B6D99210090C1DC /* RMLocation.swift */ = {isa = PBXFileReference; lastKnownFileType = sourcecode.swift; path = RMLocation.swift; sourceTree = "<group>"; };
		EC94028D2B6D99AB0090C1DC /* RMCharacter.swift */ = {isa = PBXFileReference; lastKnownFileType = sourcecode.swift; path = RMCharacter.swift; sourceTree = "<group>"; };
		EC94028F2B6D99C10090C1DC /* RMEpisode.swift */ = {isa = PBXFileReference; lastKnownFileType = sourcecode.swift; path = RMEpisode.swift; sourceTree = "<group>"; };
		EC9402922B6D9D610090C1DC /* RMCharacterViewController.swift */ = {isa = PBXFileReference; lastKnownFileType = sourcecode.swift; path = RMCharacterViewController.swift; sourceTree = "<group>"; };
		EC9402942B6D9D800090C1DC /* RMLocationViewController.swift */ = {isa = PBXFileReference; lastKnownFileType = sourcecode.swift; path = RMLocationViewController.swift; sourceTree = "<group>"; };
		EC9402962B6D9D980090C1DC /* RMEpisodeViewController.swift */ = {isa = PBXFileReference; lastKnownFileType = sourcecode.swift; path = RMEpisodeViewController.swift; sourceTree = "<group>"; };
		EC9402982B6D9DAB0090C1DC /* RMSettingsViewController.swift */ = {isa = PBXFileReference; lastKnownFileType = sourcecode.swift; path = RMSettingsViewController.swift; sourceTree = "<group>"; };
		ECBE8CCD2B6F7F4700F686ED /* RMOrigin.swift */ = {isa = PBXFileReference; lastKnownFileType = sourcecode.swift; path = RMOrigin.swift; sourceTree = "<group>"; };
		ECBE8CCF2B6F801A00F686ED /* RMSingleLocation.swift */ = {isa = PBXFileReference; lastKnownFileType = sourcecode.swift; path = RMSingleLocation.swift; sourceTree = "<group>"; };
		ECBE8CD12B6FBC7400F686ED /* RMCharacterStatus.swift */ = {isa = PBXFileReference; lastKnownFileType = sourcecode.swift; path = RMCharacterStatus.swift; sourceTree = "<group>"; };
		ECBE8CD32B6FBC9E00F686ED /* RMCharacterGender.swift */ = {isa = PBXFileReference; lastKnownFileType = sourcecode.swift; path = RMCharacterGender.swift; sourceTree = "<group>"; };
		ECBEFA232B77F6CA00F9614B /* RMCharacterDetailViewController.swift */ = {isa = PBXFileReference; lastKnownFileType = sourcecode.swift; path = RMCharacterDetailViewController.swift; sourceTree = "<group>"; };
		ECBEFA252B77F80D00F9614B /* RMCharacterDetailView.swift */ = {isa = PBXFileReference; lastKnownFileType = sourcecode.swift; path = RMCharacterDetailView.swift; sourceTree = "<group>"; };
		ECBEFA272B77F84700F9614B /* RMCharacterDetailViewViewModel.swift */ = {isa = PBXFileReference; lastKnownFileType = sourcecode.swift; path = RMCharacterDetailViewViewModel.swift; sourceTree = "<group>"; };
/* End PBXFileReference section */

/* Begin PBXFrameworksBuildPhase section */
		EC56040F2B6C073F0041D9AA /* Frameworks */ = {
			isa = PBXFrameworksBuildPhase;
			buildActionMask = 2147483647;
			files = (
			);
			runOnlyForDeploymentPostprocessing = 0;
		};
/* End PBXFrameworksBuildPhase section */

/* Begin PBXGroup section */
		EC555D4E2B8249B1004AC179 /* CharacterDetails */ = {
			isa = PBXGroup;
			children = (
				ECBEFA252B77F80D00F9614B /* RMCharacterDetailView.swift */,
				EC555D502B824A21004AC179 /* RMCharacterPhotoCollectionViewCell.swift */,
				EC555D542B824A3F004AC179 /* RMCharacterInfoCollectionViewCell.swift */,
				EC555D522B824A30004AC179 /* RMCharacterEpisodeCollectionViewCell.swift */,
			);
			path = CharacterDetails;
			sourceTree = "<group>";
		};
		EC555D4F2B8249BC004AC179 /* Character */ = {
			isa = PBXGroup;
			children = (
				EC8554F62B7560CB006E22B1 /* RMCharacterCollectionViewCell.swift */,
				EC6930A22B73B19900F731A5 /* RMCharacterListView.swift */,
			);
			path = Character;
			sourceTree = "<group>";
		};
		EC555D562B824D8D004AC179 /* CharacterDetails */ = {
			isa = PBXGroup;
			children = (
				ECBEFA272B77F84700F9614B /* RMCharacterDetailViewViewModel.swift */,
				EC555D5B2B824DE7004AC179 /* RMCharacterPhotoCollectionViewCellViewModel.swift */,
				EC555D572B824DBD004AC179 /* RMCharacterInfoCollectionViewCellViewModel.swift */,
				EC555D592B824DD8004AC179 /* RMCharacterEpisodeCollectionViewCellViewModel.swift */,
			);
			path = CharacterDetails;
			sourceTree = "<group>";
		};
		EC5604092B6C073F0041D9AA = {
			isa = PBXGroup;
			children = (
				EC5604142B6C073F0041D9AA /* RickyAndMorty */,
				EC5604132B6C073F0041D9AA /* Products */,
			);
			sourceTree = "<group>";
		};
		EC5604132B6C073F0041D9AA /* Products */ = {
			isa = PBXGroup;
			children = (
				EC5604122B6C073F0041D9AA /* RickyAndMorty.app */,
			);
			name = Products;
			sourceTree = "<group>";
		};
		EC5604142B6C073F0041D9AA /* RickyAndMorty */ = {
			isa = PBXGroup;
			children = (
				EC9402892B6D4EFF0090C1DC /* APIClient */,
				EC9402882B6D4EEE0090C1DC /* Managers  */,
				EC9402862B6D4ECA0090C1DC /* ViewModels */,
				EC9402872B6D4ED70090C1DC /* Views */,
				EC94028A2B6D4F220090C1DC /* Resources */,
				EC9402852B6D4EBD0090C1DC /* Models */,
				EC9402842B6D4EAD0090C1DC /* Controllers */,
				EC5604232B6C07400041D9AA /* Info.plist */,
			);
			path = RickyAndMorty;
			sourceTree = "<group>";
		};
		EC88B6442B72E93D00BF3E2C /* DataTypes */ = {
			isa = PBXGroup;
			children = (
				ECBE8CCF2B6F801A00F686ED /* RMSingleLocation.swift */,
				EC94028B2B6D99210090C1DC /* RMLocation.swift */,
				EC94028D2B6D99AB0090C1DC /* RMCharacter.swift */,
				ECBE8CD12B6FBC7400F686ED /* RMCharacterStatus.swift */,
				ECBE8CD32B6FBC9E00F686ED /* RMCharacterGender.swift */,
				EC94028F2B6D99C10090C1DC /* RMEpisode.swift */,
				ECBE8CCD2B6F7F4700F686ED /* RMOrigin.swift */,
			);
			path = DataTypes;
			sourceTree = "<group>";
		};
		EC88B6472B72E98400BF3E2C /* APIResponseTypes */ = {
			isa = PBXGroup;
			children = (
				EC88B6482B72E9A500BF3E2C /* RMGetAllCharactersResponse.swift */,
			);
			path = APIResponseTypes;
			sourceTree = "<group>";
		};
		EC9402842B6D4EAD0090C1DC /* Controllers */ = {
			isa = PBXGroup;
			children = (
				ECBEFA222B77F67D00F9614B /* Other */,
				EC9402912B6D9D220090C1DC /* Core */,
			);
			path = Controllers;
			sourceTree = "<group>";
		};
		EC9402852B6D4EBD0090C1DC /* Models */ = {
			isa = PBXGroup;
			children = (
				EC88B6472B72E98400BF3E2C /* APIResponseTypes */,
				EC88B6442B72E93D00BF3E2C /* DataTypes */,
			);
			path = Models;
			sourceTree = "<group>";
		};
		EC9402862B6D4ECA0090C1DC /* ViewModels */ = {
			isa = PBXGroup;
			children = (
				EC555D562B824D8D004AC179 /* CharacterDetails */,
				EC6930A02B73B0F800F731A5 /* RMCharacterListViewViewModel.swift */,
				EC8554F82B7562E7006E22B1 /* RMCharacterCollectionViewCellViewModel.swift */,
			);
			path = ViewModels;
			sourceTree = "<group>";
		};
		EC9402872B6D4ED70090C1DC /* Views */ = {
			isa = PBXGroup;
			children = (
				EC555D4F2B8249BC004AC179 /* Character */,
				EC555D4E2B8249B1004AC179 /* CharacterDetails */,
				EC85E3922B78FCE8008C888A /* RMFooterLoadingCollectionReusableView.swift */,
			);
			path = Views;
			sourceTree = "<group>";
		};
		EC9402882B6D4EEE0090C1DC /* Managers  */ = {
			isa = PBXGroup;
			children = (
				EC7F46AA2B7FE175002BFA60 /* RMImageLoader .swift */,
			);
			path = "Managers ";
			sourceTree = "<group>";
		};
		EC9402892B6D4EFF0090C1DC /* APIClient */ = {
			isa = PBXGroup;
			children = (
				EC75F5642B6F6C90001D1ECC /* RMService.swift */,
				EC75F5662B6F6C9C001D1ECC /* RMRequest .swift */,
				EC75F5682B6F6D5C001D1ECC /* RMEndPoint.swift */,
			);
			path = APIClient;
			sourceTree = "<group>";
		};
		EC94028A2B6D4F220090C1DC /* Resources */ = {
			isa = PBXGroup;
			children = (
				EC56041E2B6C07400041D9AA /* Assets.xcassets */,
				EC5604202B6C07400041D9AA /* LaunchScreen.storyboard */,
				EC5604152B6C073F0041D9AA /* AppDelegate.swift */,
				EC5604172B6C073F0041D9AA /* SceneDelegate.swift */,
				EC8554F42B74E193006E22B1 /* Extensions.swift */,
			);
			path = Resources;
			sourceTree = "<group>";
		};
		EC9402912B6D9D220090C1DC /* Core */ = {
			isa = PBXGroup;
			children = (
				EC5604192B6C073F0041D9AA /* RMTabViewController.swift */,
				EC9402922B6D9D610090C1DC /* RMCharacterViewController.swift */,
				EC9402942B6D9D800090C1DC /* RMLocationViewController.swift */,
				EC9402962B6D9D980090C1DC /* RMEpisodeViewController.swift */,
				EC9402982B6D9DAB0090C1DC /* RMSettingsViewController.swift */,
			);
			path = Core;
			sourceTree = "<group>";
		};
		ECBEFA222B77F67D00F9614B /* Other */ = {
			isa = PBXGroup;
			children = (
				ECBEFA232B77F6CA00F9614B /* RMCharacterDetailViewController.swift */,
				EC6C9FE12B86B3EA00C0CCC2 /* RMEpisodeDetailViewController.swift */,
			);
			path = Other;
			sourceTree = "<group>";
		};
/* End PBXGroup section */

/* Begin PBXNativeTarget section */
		EC5604112B6C073F0041D9AA /* RickyAndMorty */ = {
			isa = PBXNativeTarget;
			buildConfigurationList = EC5604262B6C07400041D9AA /* Build configuration list for PBXNativeTarget "RickyAndMorty" */;
			buildPhases = (
				EC56040E2B6C073F0041D9AA /* Sources */,
				EC56040F2B6C073F0041D9AA /* Frameworks */,
				EC5604102B6C073F0041D9AA /* Resources */,
			);
			buildRules = (
			);
			dependencies = (
			);
			name = RickyAndMorty;
			productName = RickyAndMorty;
			productReference = EC5604122B6C073F0041D9AA /* RickyAndMorty.app */;
			productType = "com.apple.product-type.application";
		};
/* End PBXNativeTarget section */

/* Begin PBXProject section */
		EC56040A2B6C073F0041D9AA /* Project object */ = {
			isa = PBXProject;
			attributes = {
				BuildIndependentTargetsInParallel = 1;
				LastSwiftUpdateCheck = 1430;
				LastUpgradeCheck = 1430;
				TargetAttributes = {
					EC5604112B6C073F0041D9AA = {
						CreatedOnToolsVersion = 14.3.1;
					};
				};
			};
			buildConfigurationList = EC56040D2B6C073F0041D9AA /* Build configuration list for PBXProject "RickyAndMorty" */;
			compatibilityVersion = "Xcode 14.0";
			developmentRegion = en;
			hasScannedForEncodings = 0;
			knownRegions = (
				en,
				Base,
			);
			mainGroup = EC5604092B6C073F0041D9AA;
			productRefGroup = EC5604132B6C073F0041D9AA /* Products */;
			projectDirPath = "";
			projectRoot = "";
			targets = (
				EC5604112B6C073F0041D9AA /* RickyAndMorty */,
			);
		};
/* End PBXProject section */

/* Begin PBXResourcesBuildPhase section */
		EC5604102B6C073F0041D9AA /* Resources */ = {
			isa = PBXResourcesBuildPhase;
			buildActionMask = 2147483647;
			files = (
				EC5604222B6C07400041D9AA /* LaunchScreen.storyboard in Resources */,
				EC56041F2B6C07400041D9AA /* Assets.xcassets in Resources */,
			);
			runOnlyForDeploymentPostprocessing = 0;
		};
/* End PBXResourcesBuildPhase section */

/* Begin PBXSourcesBuildPhase section */
		EC56040E2B6C073F0041D9AA /* Sources */ = {
			isa = PBXSourcesBuildPhase;
			buildActionMask = 2147483647;
			files = (
				EC7F46AB2B7FE175002BFA60 /* RMImageLoader .swift in Sources */,
				ECBE8CCE2B6F7F4700F686ED /* RMOrigin.swift in Sources */,
				ECBEFA282B77F84700F9614B /* RMCharacterDetailViewViewModel.swift in Sources */,
				EC555D5C2B824DE7004AC179 /* RMCharacterPhotoCollectionViewCellViewModel.swift in Sources */,
				ECBE8CD02B6F801A00F686ED /* RMSingleLocation.swift in Sources */,
				EC6930A32B73B19900F731A5 /* RMCharacterListView.swift in Sources */,
				ECBE8CD22B6FBC7400F686ED /* RMCharacterStatus.swift in Sources */,
				ECBE8CD42B6FBC9E00F686ED /* RMCharacterGender.swift in Sources */,
				EC555D5A2B824DD8004AC179 /* RMCharacterEpisodeCollectionViewCellViewModel.swift in Sources */,
				EC9402952B6D9D800090C1DC /* RMLocationViewController.swift in Sources */,
				ECBEFA242B77F6CA00F9614B /* RMCharacterDetailViewController.swift in Sources */,
				EC85E3932B78FCE8008C888A /* RMFooterLoadingCollectionReusableView.swift in Sources */,
				EC9402902B6D99C10090C1DC /* RMEpisode.swift in Sources */,
				EC56041A2B6C073F0041D9AA /* RMTabViewController.swift in Sources */,
				EC555D552B824A3F004AC179 /* RMCharacterInfoCollectionViewCell.swift in Sources */,
				EC9402972B6D9D980090C1DC /* RMEpisodeViewController.swift in Sources */,
				EC5604162B6C073F0041D9AA /* AppDelegate.swift in Sources */,
				EC94028C2B6D99210090C1DC /* RMLocation.swift in Sources */,
				EC9402992B6D9DAB0090C1DC /* RMSettingsViewController.swift in Sources */,
				EC75F5692B6F6D5D001D1ECC /* RMEndPoint.swift in Sources */,
				EC555D512B824A21004AC179 /* RMCharacterPhotoCollectionViewCell.swift in Sources */,
				EC8554F52B74E193006E22B1 /* Extensions.swift in Sources */,
				EC75F5672B6F6C9C001D1ECC /* RMRequest .swift in Sources */,
				EC75F5652B6F6C90001D1ECC /* RMService.swift in Sources */,
				EC555D582B824DBD004AC179 /* RMCharacterInfoCollectionViewCellViewModel.swift in Sources */,
				EC5604182B6C073F0041D9AA /* SceneDelegate.swift in Sources */,
				EC94028E2B6D99AB0090C1DC /* RMCharacter.swift in Sources */,
				EC6C9FE22B86B3EA00C0CCC2 /* RMEpisodeDetailViewController.swift in Sources */,
				EC9402932B6D9D610090C1DC /* RMCharacterViewController.swift in Sources */,
				EC8554F92B7562E7006E22B1 /* RMCharacterCollectionViewCellViewModel.swift in Sources */,
				EC6930A12B73B0F800F731A5 /* RMCharacterListViewViewModel.swift in Sources */,
				EC8554F72B7560CB006E22B1 /* RMCharacterCollectionViewCell.swift in Sources */,
				EC555D532B824A30004AC179 /* RMCharacterEpisodeCollectionViewCell.swift in Sources */,
				EC88B6492B72E9A500BF3E2C /* RMGetAllCharactersResponse.swift in Sources */,
				ECBEFA262B77F80D00F9614B /* RMCharacterDetailView.swift in Sources */,
			);
			runOnlyForDeploymentPostprocessing = 0;
		};
/* End PBXSourcesBuildPhase section */

/* Begin PBXVariantGroup section */
		EC5604202B6C07400041D9AA /* LaunchScreen.storyboard */ = {
			isa = PBXVariantGroup;
			children = (
				EC5604212B6C07400041D9AA /* Base */,
			);
			name = LaunchScreen.storyboard;
			sourceTree = "<group>";
		};
/* End PBXVariantGroup section */

/* Begin XCBuildConfiguration section */
		EC5604242B6C07400041D9AA /* Debug */ = {
			isa = XCBuildConfiguration;
			buildSettings = {
				ALWAYS_SEARCH_USER_PATHS = NO;
				CLANG_ANALYZER_NONNULL = YES;
				CLANG_ANALYZER_NUMBER_OBJECT_CONVERSION = YES_AGGRESSIVE;
				CLANG_CXX_LANGUAGE_STANDARD = "gnu++20";
				CLANG_ENABLE_MODULES = YES;
				CLANG_ENABLE_OBJC_ARC = YES;
				CLANG_ENABLE_OBJC_WEAK = YES;
				CLANG_WARN_BLOCK_CAPTURE_AUTORELEASING = YES;
				CLANG_WARN_BOOL_CONVERSION = YES;
				CLANG_WARN_COMMA = YES;
				CLANG_WARN_CONSTANT_CONVERSION = YES;
				CLANG_WARN_DEPRECATED_OBJC_IMPLEMENTATIONS = YES;
				CLANG_WARN_DIRECT_OBJC_ISA_USAGE = YES_ERROR;
				CLANG_WARN_DOCUMENTATION_COMMENTS = YES;
				CLANG_WARN_EMPTY_BODY = YES;
				CLANG_WARN_ENUM_CONVERSION = YES;
				CLANG_WARN_INFINITE_RECURSION = YES;
				CLANG_WARN_INT_CONVERSION = YES;
				CLANG_WARN_NON_LITERAL_NULL_CONVERSION = YES;
				CLANG_WARN_OBJC_IMPLICIT_RETAIN_SELF = YES;
				CLANG_WARN_OBJC_LITERAL_CONVERSION = YES;
				CLANG_WARN_OBJC_ROOT_CLASS = YES_ERROR;
				CLANG_WARN_QUOTED_INCLUDE_IN_FRAMEWORK_HEADER = YES;
				CLANG_WARN_RANGE_LOOP_ANALYSIS = YES;
				CLANG_WARN_STRICT_PROTOTYPES = YES;
				CLANG_WARN_SUSPICIOUS_MOVE = YES;
				CLANG_WARN_UNGUARDED_AVAILABILITY = YES_AGGRESSIVE;
				CLANG_WARN_UNREACHABLE_CODE = YES;
				CLANG_WARN__DUPLICATE_METHOD_MATCH = YES;
				COPY_PHASE_STRIP = NO;
				DEBUG_INFORMATION_FORMAT = dwarf;
				ENABLE_STRICT_OBJC_MSGSEND = YES;
				ENABLE_TESTABILITY = YES;
				GCC_C_LANGUAGE_STANDARD = gnu11;
				GCC_DYNAMIC_NO_PIC = NO;
				GCC_NO_COMMON_BLOCKS = YES;
				GCC_OPTIMIZATION_LEVEL = 0;
				GCC_PREPROCESSOR_DEFINITIONS = (
					"DEBUG=1",
					"$(inherited)",
				);
				GCC_WARN_64_TO_32_BIT_CONVERSION = YES;
				GCC_WARN_ABOUT_RETURN_TYPE = YES_ERROR;
				GCC_WARN_UNDECLARED_SELECTOR = YES;
				GCC_WARN_UNINITIALIZED_AUTOS = YES_AGGRESSIVE;
				GCC_WARN_UNUSED_FUNCTION = YES;
				GCC_WARN_UNUSED_VARIABLE = YES;
				IPHONEOS_DEPLOYMENT_TARGET = 16.4;
				MTL_ENABLE_DEBUG_INFO = INCLUDE_SOURCE;
				MTL_FAST_MATH = YES;
				ONLY_ACTIVE_ARCH = YES;
				SDKROOT = iphoneos;
				SWIFT_ACTIVE_COMPILATION_CONDITIONS = DEBUG;
				SWIFT_OPTIMIZATION_LEVEL = "-Onone";
			};
			name = Debug;
		};
		EC5604252B6C07400041D9AA /* Release */ = {
			isa = XCBuildConfiguration;
			buildSettings = {
				ALWAYS_SEARCH_USER_PATHS = NO;
				CLANG_ANALYZER_NONNULL = YES;
				CLANG_ANALYZER_NUMBER_OBJECT_CONVERSION = YES_AGGRESSIVE;
				CLANG_CXX_LANGUAGE_STANDARD = "gnu++20";
				CLANG_ENABLE_MODULES = YES;
				CLANG_ENABLE_OBJC_ARC = YES;
				CLANG_ENABLE_OBJC_WEAK = YES;
				CLANG_WARN_BLOCK_CAPTURE_AUTORELEASING = YES;
				CLANG_WARN_BOOL_CONVERSION = YES;
				CLANG_WARN_COMMA = YES;
				CLANG_WARN_CONSTANT_CONVERSION = YES;
				CLANG_WARN_DEPRECATED_OBJC_IMPLEMENTATIONS = YES;
				CLANG_WARN_DIRECT_OBJC_ISA_USAGE = YES_ERROR;
				CLANG_WARN_DOCUMENTATION_COMMENTS = YES;
				CLANG_WARN_EMPTY_BODY = YES;
				CLANG_WARN_ENUM_CONVERSION = YES;
				CLANG_WARN_INFINITE_RECURSION = YES;
				CLANG_WARN_INT_CONVERSION = YES;
				CLANG_WARN_NON_LITERAL_NULL_CONVERSION = YES;
				CLANG_WARN_OBJC_IMPLICIT_RETAIN_SELF = YES;
				CLANG_WARN_OBJC_LITERAL_CONVERSION = YES;
				CLANG_WARN_OBJC_ROOT_CLASS = YES_ERROR;
				CLANG_WARN_QUOTED_INCLUDE_IN_FRAMEWORK_HEADER = YES;
				CLANG_WARN_RANGE_LOOP_ANALYSIS = YES;
				CLANG_WARN_STRICT_PROTOTYPES = YES;
				CLANG_WARN_SUSPICIOUS_MOVE = YES;
				CLANG_WARN_UNGUARDED_AVAILABILITY = YES_AGGRESSIVE;
				CLANG_WARN_UNREACHABLE_CODE = YES;
				CLANG_WARN__DUPLICATE_METHOD_MATCH = YES;
				COPY_PHASE_STRIP = NO;
				DEBUG_INFORMATION_FORMAT = "dwarf-with-dsym";
				ENABLE_NS_ASSERTIONS = NO;
				ENABLE_STRICT_OBJC_MSGSEND = YES;
				GCC_C_LANGUAGE_STANDARD = gnu11;
				GCC_NO_COMMON_BLOCKS = YES;
				GCC_WARN_64_TO_32_BIT_CONVERSION = YES;
				GCC_WARN_ABOUT_RETURN_TYPE = YES_ERROR;
				GCC_WARN_UNDECLARED_SELECTOR = YES;
				GCC_WARN_UNINITIALIZED_AUTOS = YES_AGGRESSIVE;
				GCC_WARN_UNUSED_FUNCTION = YES;
				GCC_WARN_UNUSED_VARIABLE = YES;
				IPHONEOS_DEPLOYMENT_TARGET = 16.4;
				MTL_ENABLE_DEBUG_INFO = NO;
				MTL_FAST_MATH = YES;
				SDKROOT = iphoneos;
				SWIFT_COMPILATION_MODE = wholemodule;
				SWIFT_OPTIMIZATION_LEVEL = "-O";
				VALIDATE_PRODUCT = YES;
			};
			name = Release;
		};
		EC5604272B6C07400041D9AA /* Debug */ = {
			isa = XCBuildConfiguration;
			buildSettings = {
				ASSETCATALOG_COMPILER_APPICON_NAME = AppIcon;
				ASSETCATALOG_COMPILER_GLOBAL_ACCENT_COLOR_NAME = AccentColor;
				CODE_SIGN_STYLE = Automatic;
				CURRENT_PROJECT_VERSION = 1;
				GENERATE_INFOPLIST_FILE = YES;
				INFOPLIST_FILE = RickyAndMorty/Info.plist;
				INFOPLIST_KEY_UIApplicationSupportsIndirectInputEvents = YES;
				INFOPLIST_KEY_UILaunchStoryboardName = LaunchScreen;
				INFOPLIST_KEY_UISupportedInterfaceOrientations_iPad = "UIInterfaceOrientationPortrait UIInterfaceOrientationPortraitUpsideDown UIInterfaceOrientationLandscapeLeft UIInterfaceOrientationLandscapeRight";
				INFOPLIST_KEY_UISupportedInterfaceOrientations_iPhone = "UIInterfaceOrientationPortrait UIInterfaceOrientationLandscapeLeft UIInterfaceOrientationLandscapeRight";
				LD_RUNPATH_SEARCH_PATHS = (
					"$(inherited)",
					"@executable_path/Frameworks",
				);
				MARKETING_VERSION = 1.0;
				PRODUCT_BUNDLE_IDENTIFIER = com.bnezgirl.RickyAndMorty;
				PRODUCT_NAME = "$(TARGET_NAME)";
				SWIFT_EMIT_LOC_STRINGS = YES;
				SWIFT_VERSION = 5.0;
				TARGETED_DEVICE_FAMILY = "1,2";
			};
			name = Debug;
		};
		EC5604282B6C07400041D9AA /* Release */ = {
			isa = XCBuildConfiguration;
			buildSettings = {
				ASSETCATALOG_COMPILER_APPICON_NAME = AppIcon;
				ASSETCATALOG_COMPILER_GLOBAL_ACCENT_COLOR_NAME = AccentColor;
				CODE_SIGN_STYLE = Automatic;
				CURRENT_PROJECT_VERSION = 1;
				GENERATE_INFOPLIST_FILE = YES;
				INFOPLIST_FILE = RickyAndMorty/Info.plist;
				INFOPLIST_KEY_UIApplicationSupportsIndirectInputEvents = YES;
				INFOPLIST_KEY_UILaunchStoryboardName = LaunchScreen;
				INFOPLIST_KEY_UISupportedInterfaceOrientations_iPad = "UIInterfaceOrientationPortrait UIInterfaceOrientationPortraitUpsideDown UIInterfaceOrientationLandscapeLeft UIInterfaceOrientationLandscapeRight";
				INFOPLIST_KEY_UISupportedInterfaceOrientations_iPhone = "UIInterfaceOrientationPortrait UIInterfaceOrientationLandscapeLeft UIInterfaceOrientationLandscapeRight";
				LD_RUNPATH_SEARCH_PATHS = (
					"$(inherited)",
					"@executable_path/Frameworks",
				);
				MARKETING_VERSION = 1.0;
				PRODUCT_BUNDLE_IDENTIFIER = com.bnezgirl.RickyAndMorty;
				PRODUCT_NAME = "$(TARGET_NAME)";
				SWIFT_EMIT_LOC_STRINGS = YES;
				SWIFT_VERSION = 5.0;
				TARGETED_DEVICE_FAMILY = "1,2";
			};
			name = Release;
		};
/* End XCBuildConfiguration section */

/* Begin XCConfigurationList section */
		EC56040D2B6C073F0041D9AA /* Build configuration list for PBXProject "RickyAndMorty" */ = {
			isa = XCConfigurationList;
			buildConfigurations = (
				EC5604242B6C07400041D9AA /* Debug */,
				EC5604252B6C07400041D9AA /* Release */,
			);
			defaultConfigurationIsVisible = 0;
			defaultConfigurationName = Release;
		};
		EC5604262B6C07400041D9AA /* Build configuration list for PBXNativeTarget "RickyAndMorty" */ = {
			isa = XCConfigurationList;
			buildConfigurations = (
				EC5604272B6C07400041D9AA /* Debug */,
				EC5604282B6C07400041D9AA /* Release */,
			);
			defaultConfigurationIsVisible = 0;
			defaultConfigurationName = Release;
		};
/* End XCConfigurationList section */
	};
	rootObject = EC56040A2B6C073F0041D9AA /* Project object */;
}
